
Microsoft Visual Studio Solution File, Format Version 12.00
# Visual Studio 15
VisualStudioVersion = 15.0.26430.6
MinimumVisualStudioVersion = 10.0.40219.1
Project("{FAE04EC0-301F-11D3-BF4B-00C04F79EFBC}") = "ZalandoShop.UWP", "ZalandoShop.UWP\ZalandoShop.UWP.csproj", "{0DC100BF-233B-41D1-A7FA-27EA392D5406}"
EndProject
Global
	GlobalSection(SolutionConfigurationPlatforms) = preSolution
		Debug|ARM = Debug|ARM
		Debug|x64 = Debug|x64
		Debug|x86 = Debug|x86
		Release|ARM = Release|ARM
		Release|x64 = Release|x64
		Release|x86 = Release|x86
	EndGlobalSection
	GlobalSection(ProjectConfigurationPlatforms) = postSolution
		{0DC100BF-233B-41D1-A7FA-27EA392D5406}.Debug|ARM.ActiveCfg = Debug|ARM
		{0DC100BF-233B-41D1-A7FA-27EA392D5406}.Debug|ARM.Build.0 = Debug|ARM
		{0DC100BF-233B-41D1-A7FA-27EA392D5406}.Debug|ARM.Deploy.0 = Debug|ARM
		{0DC100BF-233B-41D1-A7FA-27EA392D5406}.Debug|x64.ActiveCfg = Debug|x64
		{0DC100BF-233B-41D1-A7FA-27EA392D5406}.Debug|x64.Build.0 = Debug|x64
		{0DC100BF-233B-41D1-A7FA-27EA392D5406}.Debug|x64.Deploy.0 = Debug|x64
		{0DC100BF-233B-41D1-A7FA-27EA392D5406}.Debug|x86.ActiveCfg = Debug|x86
		{0DC100BF-233B-41D1-A7FA-27EA392D5406}.Debug|x86.Build.0 = Debug|x86
		{0DC100BF-233B-41D1-A7FA-27EA392D5406}.Debug|x86.Deploy.0 = Debug|x86
		{0DC100BF-233B-41D1-A7FA-27EA392D5406}.Release|ARM.ActiveCfg = Release|ARM
		{0DC100BF-233B-41D1-A7FA-27EA392D5406}.Release|ARM.Build.0 = Release|ARM
		{0DC100BF-233B-41D1-A7FA-27EA392D5406}.Release|ARM.Deploy.0 = Release|ARM
		{0DC100BF-233B-41D1-A7FA-27EA392D5406}.Release|x64.ActiveCfg = Release|x64
		{0DC100BF-233B-41D1-A7FA-27EA392D5406}.Release|x64.Build.0 = Release|x64
		{0DC100BF-233B-41D1-A7FA-27EA392D5406}.Release|x64.Deploy.0 = Release|x64
		{0DC100BF-233B-41D1-A7FA-27EA392D5406}.Release|x86.ActiveCfg = Release|x86
		{0DC100BF-233B-41D1-A7FA-27EA392D5406}.Release|x86.Build.0 = Release|x86
		{0DC100BF-233B-41D1-A7FA-27EA392D5406}.Release|x86.Deploy.0 = Release|x86
	EndGlobalSection
	GlobalSection(SolutionProperties) = preSolution
		HideSolutionNode = FALSE
	EndGlobalSection
EndGlobal
